
Microsoft Visual Studio Solution File, Format Version 12.00
# Visual Studio 14
VisualStudioVersion = 14.0.25420.1
MinimumVisualStudioVersion = 10.0.40219.1
Project("{2150E333-8FDC-42A3-9474-1A3956D46DE8}") = "src", "src", "{36DD43D0-D8FF-4D6B-BA8D-79C7F24F041D}"
EndProject
Project("{2150E333-8FDC-42A3-9474-1A3956D46DE8}") = "Solution Items", "Solution Items", "{3E697D74-4991-4C97-ADDA-7CA192E8F323}"
	ProjectSection(SolutionItems) = preProject
		global.json = global.json
		nuget.config = nuget.config
	EndProjectSection
EndProject
Project("{8BB2217D-0F2D-49D1-97BC-3654ED321F3B}") = "Mofichan.Core", "src\Mofichan.Core\Mofichan.Core.xproj", "{C015F8DF-EB89-471C-85CE-B7C2B96AEDED}"
EndProject
Project("{8BB2217D-0F2D-49D1-97BC-3654ED321F3B}") = "Mofichan.Spec", "test\Mofichan.Spec\Mofichan.Spec.xproj", "{96F2BE8F-59F3-4545-BCDD-C3B753EC5318}"
EndProject
Project("{2150E333-8FDC-42A3-9474-1A3956D46DE8}") = "test", "test", "{E144338F-4D18-4543-816E-4C1BAC32A1B1}"
EndProject
Project("{8BB2217D-0F2D-49D1-97BC-3654ED321F3B}") = "Mofichan.Behaviour", "src\Mofichan.Behaviour\Mofichan.Behaviour.xproj", "{759B8CEB-6625-4F25-ADCE-441EB869CC2C}"
EndProject
Project("{8BB2217D-0F2D-49D1-97BC-3654ED321F3B}") = "Mofichan.Backend", "src\Mofichan.Backend\Mofichan.Backend.xproj", "{F58B68AE-D432-4028-926E-CBBF4BA200AD}"
EndProject
Project("{8BB2217D-0F2D-49D1-97BC-3654ED321F3B}") = "Mofichan.Runner", "src\Mofichan.Runner\Mofichan.Runner.xproj", "{67CF68F0-40A4-47C0-B60E-8BF6FE51AC8E}"
EndProject
Global
	GlobalSection(SolutionConfigurationPlatforms) = preSolution
		Debug|Any CPU = Debug|Any CPU
		Release|Any CPU = Release|Any CPU
	EndGlobalSection
	GlobalSection(ProjectConfigurationPlatforms) = postSolution
		{C015F8DF-EB89-471C-85CE-B7C2B96AEDED}.Debug|Any CPU.ActiveCfg = Debug|Any CPU
		{C015F8DF-EB89-471C-85CE-B7C2B96AEDED}.Debug|Any CPU.Build.0 = Debug|Any CPU
		{C015F8DF-EB89-471C-85CE-B7C2B96AEDED}.Release|Any CPU.ActiveCfg = Release|Any CPU
		{C015F8DF-EB89-471C-85CE-B7C2B96AEDED}.Release|Any CPU.Build.0 = Release|Any CPU
		{96F2BE8F-59F3-4545-BCDD-C3B753EC5318}.Debug|Any CPU.ActiveCfg = Debug|Any CPU
		{96F2BE8F-59F3-4545-BCDD-C3B753EC5318}.Debug|Any CPU.Build.0 = Debug|Any CPU
		{96F2BE8F-59F3-4545-BCDD-C3B753EC5318}.Release|Any CPU.ActiveCfg = Release|Any CPU
		{96F2BE8F-59F3-4545-BCDD-C3B753EC5318}.Release|Any CPU.Build.0 = Release|Any CPU
		{759B8CEB-6625-4F25-ADCE-441EB869CC2C}.Debug|Any CPU.ActiveCfg = Debug|Any CPU
		{759B8CEB-6625-4F25-ADCE-441EB869CC2C}.Debug|Any CPU.Build.0 = Debug|Any CPU
		{759B8CEB-6625-4F25-ADCE-441EB869CC2C}.Release|Any CPU.ActiveCfg = Release|Any CPU
		{759B8CEB-6625-4F25-ADCE-441EB869CC2C}.Release|Any CPU.Build.0 = Release|Any CPU
		{F58B68AE-D432-4028-926E-CBBF4BA200AD}.Debug|Any CPU.ActiveCfg = Debug|Any CPU
		{F58B68AE-D432-4028-926E-CBBF4BA200AD}.Debug|Any CPU.Build.0 = Debug|Any CPU
		{F58B68AE-D432-4028-926E-CBBF4BA200AD}.Release|Any CPU.ActiveCfg = Release|Any CPU
		{F58B68AE-D432-4028-926E-CBBF4BA200AD}.Release|Any CPU.Build.0 = Release|Any CPU
		{67CF68F0-40A4-47C0-B60E-8BF6FE51AC8E}.Debug|Any CPU.ActiveCfg = Debug|Any CPU
		{67CF68F0-40A4-47C0-B60E-8BF6FE51AC8E}.Debug|Any CPU.Build.0 = Debug|Any CPU
		{67CF68F0-40A4-47C0-B60E-8BF6FE51AC8E}.Release|Any CPU.ActiveCfg = Release|Any CPU
		{67CF68F0-40A4-47C0-B60E-8BF6FE51AC8E}.Release|Any CPU.Build.0 = Release|Any CPU
	EndGlobalSection
	GlobalSection(SolutionProperties) = preSolution
		HideSolutionNode = FALSE
	EndGlobalSection
	GlobalSection(NestedProjects) = preSolution
		{C015F8DF-EB89-471C-85CE-B7C2B96AEDED} = {36DD43D0-D8FF-4D6B-BA8D-79C7F24F041D}
		{96F2BE8F-59F3-4545-BCDD-C3B753EC5318} = {E144338F-4D18-4543-816E-4C1BAC32A1B1}
		{759B8CEB-6625-4F25-ADCE-441EB869CC2C} = {36DD43D0-D8FF-4D6B-BA8D-79C7F24F041D}
		{F58B68AE-D432-4028-926E-CBBF4BA200AD} = {36DD43D0-D8FF-4D6B-BA8D-79C7F24F041D}
		{67CF68F0-40A4-47C0-B60E-8BF6FE51AC8E} = {36DD43D0-D8FF-4D6B-BA8D-79C7F24F041D}
	EndGlobalSection
EndGlobal
